
Microsoft Visual Studio Solution File, Format Version 12.00
# Visual Studio Version 17
VisualStudioVersion = 17.2.32616.157
MinimumVisualStudioVersion = 10.0.40219.1
Project("{FAE04EC0-301F-11D3-BF4B-00C04F79EFBC}") = "Stop gninnipS My sdroW!", "Stop gninnipS My sdroW!\Stop gninnipS My sdroW!.csproj", "{A0C11F61-934E-4FC7-B0D3-A37236CA940A}"
EndProject
Global
	GlobalSection(SolutionConfigurationPlatforms) = preSolution
		Debug|Any CPU = Debug|Any CPU
		Release|Any CPU = Release|Any CPU
	EndGlobalSection
	GlobalSection(ProjectConfigurationPlatforms) = postSolution
		{A0C11F61-934E-4FC7-B0D3-A37236CA940A}.Debug|Any CPU.ActiveCfg = Debug|Any CPU
		{A0C11F61-934E-4FC7-B0D3-A37236CA940A}.Debug|Any CPU.Build.0 = Debug|Any CPU
		{A0C11F61-934E-4FC7-B0D3-A37236CA940A}.Release|Any CPU.ActiveCfg = Release|Any CPU
		{A0C11F61-934E-4FC7-B0D3-A37236CA940A}.Release|Any CPU.Build.0 = Release|Any CPU
	EndGlobalSection
	GlobalSection(SolutionProperties) = preSolution
		HideSolutionNode = FALSE
	EndGlobalSection
	GlobalSection(ExtensibilityGlobals) = postSolution
		SolutionGuid = {C0548A11-8DFF-45A9-B1F0-5E243F0C40B8}
	EndGlobalSection
EndGlobal
